
Microsoft Visual Studio Solution File, Format Version 12.00
# Visual Studio Version 17
VisualStudioVersion = 17.2.32602.215
MinimumVisualStudioVersion = 10.0.40219.1
Project("{FAE04EC0-301F-11D3-BF4B-00C04F79EFBC}") = "ProduitFamilleMVC-SQLServer", "ProduitFamilleMVC-SQLServer\ProduitFamilleMVC-SQLServer.csproj", "{EED9AE22-742B-451B-A500-014F6E3F6F46}"
EndProject
Global
	GlobalSection(SolutionConfigurationPlatforms) = preSolution
		Debug|Any CPU = Debug|Any CPU
		Release|Any CPU = Release|Any CPU
	EndGlobalSection
	GlobalSection(ProjectConfigurationPlatforms) = postSolution
		{EED9AE22-742B-451B-A500-014F6E3F6F46}.Debug|Any CPU.ActiveCfg = Debug|Any CPU
		{EED9AE22-742B-451B-A500-014F6E3F6F46}.Debug|Any CPU.Build.0 = Debug|Any CPU
		{EED9AE22-742B-451B-A500-014F6E3F6F46}.Release|Any CPU.ActiveCfg = Release|Any CPU
		{EED9AE22-742B-451B-A500-014F6E3F6F46}.Release|Any CPU.Build.0 = Release|Any CPU
	EndGlobalSection
	GlobalSection(SolutionProperties) = preSolution
		HideSolutionNode = FALSE
	EndGlobalSection
	GlobalSection(ExtensibilityGlobals) = postSolution
		SolutionGuid = {88EFBA8C-845B-4BBB-9157-B7788FBDFA80}
	EndGlobalSection
EndGlobal
